uuid: 8f3c532c-0d41-47dc-a503-23190c47d932
langcode: en
status: true
dependencies:
  module:
    - menu_ui
third_party_settings:
  menu_ui:
    available_menus:
      - main
    parent: 'main:'
name: 'About Us - Data Block'
type: about_us_data_block
description: ''
help: ''
new_revision: true
preview_mode: 1
display_submitted: false
